
Microsoft Visual Studio Solution File, Format Version 12.00
# Visual Studio Version 17
VisualStudioVersion = 17.14.36414.22 d17.14
MinimumVisualStudioVersion = 10.0.40219.1
Project("{FAE04EC0-301F-11D3-BF4B-00C04F79EFBC}") = "Outfitly", "Outfitly.csproj", "{432C5FAC-C55C-4653-AE8F-7B1C35BC2289}"
EndProject
Global
	GlobalSection(SolutionConfigurationPlatforms) = preSolution
		Debug|Any CPU = Debug|Any CPU
		Release|Any CPU = Release|Any CPU
	EndGlobalSection
	GlobalSection(ProjectConfigurationPlatforms) = postSolution
		{432C5FAC-C55C-4653-AE8F-7B1C35BC2289}.Debug|Any CPU.ActiveCfg = Debug|Any CPU
		{432C5FAC-C55C-4653-AE8F-7B1C35BC2289}.Debug|Any CPU.Build.0 = Debug|Any CPU
		{432C5FAC-C55C-4653-AE8F-7B1C35BC2289}.Release|Any CPU.ActiveCfg = Release|Any CPU
		{432C5FAC-C55C-4653-AE8F-7B1C35BC2289}.Release|Any CPU.Build.0 = Release|Any CPU
	EndGlobalSection
	GlobalSection(SolutionProperties) = preSolution
		HideSolutionNode = FALSE
	EndGlobalSection
	GlobalSection(ExtensibilityGlobals) = postSolution
		SolutionGuid = {BEEE959A-707A-417F-B0BD-B150B8F0481E}
	EndGlobalSection
EndGlobal
